
Microsoft Visual Studio Solution File, Format Version 12.00
Project("{FAE04EC0-301F-11D3-BF4B-00C04F79EFBC}") = "SyncFutionTrial", "SyncFutionTrial\SyncFutionTrial.csproj", "{92C07CEB-3F77-4FA7-9F89-80666BBBF72E}"
EndProject
Global
	GlobalSection(SolutionConfigurationPlatforms) = preSolution
		Debug|Any CPU = Debug|Any CPU
		Release|Any CPU = Release|Any CPU
	EndGlobalSection
	GlobalSection(ProjectConfigurationPlatforms) = postSolution
		{92C07CEB-3F77-4FA7-9F89-80666BBBF72E}.Debug|Any CPU.ActiveCfg = Debug|Any CPU
		{92C07CEB-3F77-4FA7-9F89-80666BBBF72E}.Debug|Any CPU.Build.0 = Debug|Any CPU
		{92C07CEB-3F77-4FA7-9F89-80666BBBF72E}.Release|Any CPU.ActiveCfg = Release|Any CPU
		{92C07CEB-3F77-4FA7-9F89-80666BBBF72E}.Release|Any CPU.Build.0 = Release|Any CPU
	EndGlobalSection
EndGlobal
